// !$*UTF8*$!
{
	archiveVersion = 1;
	classes = {
	};
	objectVersion = 50;
	objects = {

/* Begin PBXBuildFile section */
		31F793AAEF9ED0A8A9B0D5E7 /* Pods_Polingo.framework in Frameworks */ = {isa = PBXBuildFile; fileRef = 2EB2A859D0AADFE10FD1D133 /* Pods_Polingo.framework */; };
		9F73B6812123F3960095C974 /* AppDelegate.swift in Sources */ = {isa = PBXBuildFile; fileRef = 9F73B6802123F3960095C974 /* AppDelegate.swift */; };
		9F73B6832123F3960095C974 /* StartViewController.swift in Sources */ = {isa = PBXBuildFile; fileRef = 9F73B6822123F3960095C974 /* StartViewController.swift */; };
		9F73B6862123F3960095C974 /* Main.storyboard in Resources */ = {isa = PBXBuildFile; fileRef = 9F73B6842123F3960095C974 /* Main.storyboard */; };
		9F73B6882123F3A20095C974 /* Assets.xcassets in Resources */ = {isa = PBXBuildFile; fileRef = 9F73B6872123F3A20095C974 /* Assets.xcassets */; };
		9F73B68B2123F3A20095C974 /* LaunchScreen.storyboard in Resources */ = {isa = PBXBuildFile; fileRef = 9F73B6892123F3A20095C974 /* LaunchScreen.storyboard */; };
		9F73B697212415320095C974 /* RegistrationViewController.swift in Sources */ = {isa = PBXBuildFile; fileRef = 9F73B696212415320095C974 /* RegistrationViewController.swift */; };
		9F73B69A21241B940095C974 /* User.swift in Sources */ = {isa = PBXBuildFile; fileRef = 9F73B69921241B940095C974 /* User.swift */; };
		9F73B69F212435870095C974 /* tabBarController.swift in Sources */ = {isa = PBXBuildFile; fileRef = 9F73B69E212435870095C974 /* tabBarController.swift */; };
		9F73B6A1212436C60095C974 /* LearnViewController.swift in Sources */ = {isa = PBXBuildFile; fileRef = 9F73B6A0212436C60095C974 /* LearnViewController.swift */; };
		9F73B6A3212436DA0095C974 /* SettingsViewController.swift in Sources */ = {isa = PBXBuildFile; fileRef = 9F73B6A2212436DA0095C974 /* SettingsViewController.swift */; };
		9F73B6A5212440FB0095C974 /* CurrentUser.swift in Sources */ = {isa = PBXBuildFile; fileRef = 9F73B6A4212440FB0095C974 /* CurrentUser.swift */; };
		9F73B6A92124449D0095C974 /* RealmManeger.swift in Sources */ = {isa = PBXBuildFile; fileRef = 9F73B6A82124449D0095C974 /* RealmManeger.swift */; };
/* End PBXBuildFile section */

/* Begin PBXFileReference section */
		2EB2A859D0AADFE10FD1D133 /* Pods_Polingo.framework */ = {isa = PBXFileReference; explicitFileType = wrapper.framework; includeInIndex = 0; path = Pods_Polingo.framework; sourceTree = BUILT_PRODUCTS_DIR; };
		9F73B67D2123F3960095C974 /* Polingo.app */ = {isa = PBXFileReference; explicitFileType = wrapper.application; includeInIndex = 0; path = Polingo.app; sourceTree = BUILT_PRODUCTS_DIR; };
		9F73B6802123F3960095C974 /* AppDelegate.swift */ = {isa = PBXFileReference; lastKnownFileType = sourcecode.swift; path = AppDelegate.swift; sourceTree = "<group>"; };
		9F73B6822123F3960095C974 /* StartViewController.swift */ = {isa = PBXFileReference; lastKnownFileType = sourcecode.swift; path = StartViewController.swift; sourceTree = "<group>"; };
		9F73B6852123F3960095C974 /* Base */ = {isa = PBXFileReference; lastKnownFileType = file.storyboard; name = Base; path = Base.lproj/Main.storyboard; sourceTree = "<group>"; };
		9F73B6872123F3A20095C974 /* Assets.xcassets */ = {isa = PBXFileReference; lastKnownFileType = folder.assetcatalog; path = Assets.xcassets; sourceTree = "<group>"; };
		9F73B68A2123F3A20095C974 /* Base */ = {isa = PBXFileReference; lastKnownFileType = file.storyboard; name = Base; path = Base.lproj/LaunchScreen.storyboard; sourceTree = "<group>"; };
		9F73B68C2123F3A20095C974 /* Info.plist */ = {isa = PBXFileReference; lastKnownFileType = text.plist.xml; path = Info.plist; sourceTree = "<group>"; };
		9F73B696212415320095C974 /* RegistrationViewController.swift */ = {isa = PBXFileReference; lastKnownFileType = sourcecode.swift; path = RegistrationViewController.swift; sourceTree = "<group>"; };
		9F73B69921241B940095C974 /* User.swift */ = {isa = PBXFileReference; lastKnownFileType = sourcecode.swift; path = User.swift; sourceTree = "<group>"; };
		9F73B69E212435870095C974 /* tabBarController.swift */ = {isa = PBXFileReference; lastKnownFileType = sourcecode.swift; path = tabBarController.swift; sourceTree = "<group>"; };
		9F73B6A0212436C60095C974 /* LearnViewController.swift */ = {isa = PBXFileReference; lastKnownFileType = sourcecode.swift; path = LearnViewController.swift; sourceTree = "<group>"; };
		9F73B6A2212436DA0095C974 /* SettingsViewController.swift */ = {isa = PBXFileReference; lastKnownFileType = sourcecode.swift; path = SettingsViewController.swift; sourceTree = "<group>"; };
		9F73B6A4212440FB0095C974 /* CurrentUser.swift */ = {isa = PBXFileReference; lastKnownFileType = sourcecode.swift; path = CurrentUser.swift; sourceTree = "<group>"; };
		9F73B6A82124449D0095C974 /* RealmManeger.swift */ = {isa = PBXFileReference; lastKnownFileType = sourcecode.swift; path = RealmManeger.swift; sourceTree = "<group>"; };
		B999D030E5E417DD56EB5C31 /* Pods-Polingo.debug.xcconfig */ = {isa = PBXFileReference; includeInIndex = 1; lastKnownFileType = text.xcconfig; name = "Pods-Polingo.debug.xcconfig"; path = "Pods/Target Support Files/Pods-Polingo/Pods-Polingo.debug.xcconfig"; sourceTree = "<group>"; };
		D4F9377F43C467F4AEAF3DEF /* Pods-Polingo.release.xcconfig */ = {isa = PBXFileReference; includeInIndex = 1; lastKnownFileType = text.xcconfig; name = "Pods-Polingo.release.xcconfig"; path = "Pods/Target Support Files/Pods-Polingo/Pods-Polingo.release.xcconfig"; sourceTree = "<group>"; };
/* End PBXFileReference section */

/* Begin PBXFrameworksBuildPhase section */
		9F73B67A2123F3960095C974 /* Frameworks */ = {
			isa = PBXFrameworksBuildPhase;
			buildActionMask = 2147483647;
			files = (
				31F793AAEF9ED0A8A9B0D5E7 /* Pods_Polingo.framework in Frameworks */,
			);
			runOnlyForDeploymentPostprocessing = 0;
		};
/* End PBXFrameworksBuildPhase section */

/* Begin PBXGroup section */
		48E75446A9A996C115B2EE85 /* Frameworks */ = {
			isa = PBXGroup;
			children = (
				2EB2A859D0AADFE10FD1D133 /* Pods_Polingo.framework */,
			);
			name = Frameworks;
			sourceTree = "<group>";
		};
		9F73B6742123F3960095C974 = {
			isa = PBXGroup;
			children = (
				9F73B67F2123F3960095C974 /* Polingo */,
				9F73B67E2123F3960095C974 /* Products */,
				CFB14A1A734251185998AED8 /* Pods */,
				48E75446A9A996C115B2EE85 /* Frameworks */,
			);
			sourceTree = "<group>";
		};
		9F73B67E2123F3960095C974 /* Products */ = {
			isa = PBXGroup;
			children = (
				9F73B67D2123F3960095C974 /* Polingo.app */,
			);
			name = Products;
			sourceTree = "<group>";
		};
		9F73B67F2123F3960095C974 /* Polingo */ = {
			isa = PBXGroup;
			children = (
				9F73B69821241B850095C974 /* Model */,
				9F73B6922123F4D50095C974 /* Registration and authorization */,
				9F73B69B21242BD10095C974 /* tab bar view controllers */,
				9F73B6802123F3960095C974 /* AppDelegate.swift */,
				9F73B6842123F3960095C974 /* Main.storyboard */,
				9F73B6872123F3A20095C974 /* Assets.xcassets */,
				9F73B6892123F3A20095C974 /* LaunchScreen.storyboard */,
				9F73B68C2123F3A20095C974 /* Info.plist */,
			);
			path = Polingo;
			sourceTree = "<group>";
		};
		9F73B6922123F4D50095C974 /* Registration and authorization */ = {
			isa = PBXGroup;
			children = (
				9F73B6822123F3960095C974 /* StartViewController.swift */,
				9F73B696212415320095C974 /* RegistrationViewController.swift */,
			);
			path = "Registration and authorization";
			sourceTree = "<group>";
		};
		9F73B69821241B850095C974 /* Model */ = {
			isa = PBXGroup;
			children = (
				9F73B69921241B940095C974 /* User.swift */,
				9F73B6A4212440FB0095C974 /* CurrentUser.swift */,
				9F73B6A82124449D0095C974 /* RealmManeger.swift */,
			);
			path = Model;
			sourceTree = "<group>";
		};
		9F73B69B21242BD10095C974 /* tab bar view controllers */ = {
			isa = PBXGroup;
			children = (
				9F73B69E212435870095C974 /* tabBarController.swift */,
				9F73B6A0212436C60095C974 /* LearnViewController.swift */,
				9F73B6A2212436DA0095C974 /* SettingsViewController.swift */,
			);
			path = "tab bar view controllers";
			sourceTree = "<group>";
		};
		CFB14A1A734251185998AED8 /* Pods */ = {
			isa = PBXGroup;
			children = (
				B999D030E5E417DD56EB5C31 /* Pods-Polingo.debug.xcconfig */,
				D4F9377F43C467F4AEAF3DEF /* Pods-Polingo.release.xcconfig */,
			);
			name = Pods;
			sourceTree = "<group>";
		};
/* End PBXGroup section */

/* Begin PBXNativeTarget section */
		9F73B67C2123F3960095C974 /* Polingo */ = {
			isa = PBXNativeTarget;
			buildConfigurationList = 9F73B68F2123F3A20095C974 /* Build configuration list for PBXNativeTarget "Polingo" */;
			buildPhases = (
				B770B6A1142A184B3E3402F1 /* [CP] Check Pods Manifest.lock */,
				9F73B6792123F3960095C974 /* Sources */,
				9F73B67A2123F3960095C974 /* Frameworks */,
				9F73B67B2123F3960095C974 /* Resources */,
				4E5DC5996BCB584FBE6F46E8 /* [CP] Embed Pods Frameworks */,
			);
			buildRules = (
			);
			dependencies = (
			);
			name = Polingo;
			productName = Polingo;
			productReference = 9F73B67D2123F3960095C974 /* Polingo.app */;
			productType = "com.apple.product-type.application";
		};
/* End PBXNativeTarget section */

/* Begin PBXProject section */
		9F73B6752123F3960095C974 /* Project object */ = {
			isa = PBXProject;
			attributes = {
				LastSwiftUpdateCheck = 0940;
				LastUpgradeCheck = 0940;
				ORGANIZATIONNAME = polinaguryeva;
				TargetAttributes = {
					9F73B67C2123F3960095C974 = {
						CreatedOnToolsVersion = 9.4.1;
					};
				};
			};
			buildConfigurationList = 9F73B6782123F3960095C974 /* Build configuration list for PBXProject "Polingo" */;
			compatibilityVersion = "Xcode 9.3";
			developmentRegion = en;
			hasScannedForEncodings = 0;
			knownRegions = (
				en,
				Base,
			);
			mainGroup = 9F73B6742123F3960095C974;
			productRefGroup = 9F73B67E2123F3960095C974 /* Products */;
			projectDirPath = "";
			projectRoot = "";
			targets = (
				9F73B67C2123F3960095C974 /* Polingo */,
			);
		};
/* End PBXProject section */

/* Begin PBXResourcesBuildPhase section */
		9F73B67B2123F3960095C974 /* Resources */ = {
			isa = PBXResourcesBuildPhase;
			buildActionMask = 2147483647;
			files = (
				9F73B68B2123F3A20095C974 /* LaunchScreen.storyboard in Resources */,
				9F73B6882123F3A20095C974 /* Assets.xcassets in Resources */,
				9F73B6862123F3960095C974 /* Main.storyboard in Resources */,
			);
			runOnlyForDeploymentPostprocessing = 0;
		};
/* End PBXResourcesBuildPhase section */

/* Begin PBXShellScriptBuildPhase section */
		4E5DC5996BCB584FBE6F46E8 /* [CP] Embed Pods Frameworks */ = {
			isa = PBXShellScriptBuildPhase;
			buildActionMask = 2147483647;
			files = (
			);
			inputPaths = (
				"${SRCROOT}/Pods/Target Support Files/Pods-Polingo/Pods-Polingo-frameworks.sh",
				"${BUILT_PRODUCTS_DIR}/Realm/Realm.framework",
				"${BUILT_PRODUCTS_DIR}/RealmSwift/RealmSwift.framework",
			);
			name = "[CP] Embed Pods Frameworks";
			outputPaths = (
				"${TARGET_BUILD_DIR}/${FRAMEWORKS_FOLDER_PATH}/Realm.framework",
				"${TARGET_BUILD_DIR}/${FRAMEWORKS_FOLDER_PATH}/RealmSwift.framework",
			);
			runOnlyForDeploymentPostprocessing = 0;
			shellPath = /bin/sh;
			shellScript = "\"${SRCROOT}/Pods/Target Support Files/Pods-Polingo/Pods-Polingo-frameworks.sh\"\n";
			showEnvVarsInLog = 0;
		};
		B770B6A1142A184B3E3402F1 /* [CP] Check Pods Manifest.lock */ = {
			isa = PBXShellScriptBuildPhase;
			buildActionMask = 2147483647;
			files = (
			);
			inputPaths = (
				"${PODS_PODFILE_DIR_PATH}/Podfile.lock",
				"${PODS_ROOT}/Manifest.lock",
			);
			name = "[CP] Check Pods Manifest.lock";
			outputPaths = (
				"$(DERIVED_FILE_DIR)/Pods-Polingo-checkManifestLockResult.txt",
			);
			runOnlyForDeploymentPostprocessing = 0;
			shellPath = /bin/sh;
			shellScript = "diff \"${PODS_PODFILE_DIR_PATH}/Podfile.lock\" \"${PODS_ROOT}/Manifest.lock\" > /dev/null\nif [ $? != 0 ] ; then\n    # print error to STDERR\n    echo \"error: The sandbox is not in sync with the Podfile.lock. Run 'pod install' or update your CocoaPods installation.\" >&2\n    exit 1\nfi\n# This output is used by Xcode 'outputs' to avoid re-running this script phase.\necho \"SUCCESS\" > \"${SCRIPT_OUTPUT_FILE_0}\"\n";
			showEnvVarsInLog = 0;
		};
/* End PBXShellScriptBuildPhase section */

/* Begin PBXSourcesBuildPhase section */
		9F73B6792123F3960095C974 /* Sources */ = {
			isa = PBXSourcesBuildPhase;
			buildActionMask = 2147483647;
			files = (
				9F73B69A21241B940095C974 /* User.swift in Sources */,
				9F73B697212415320095C974 /* RegistrationViewController.swift in Sources */,
				9F73B6A3212436DA0095C974 /* SettingsViewController.swift in Sources */,
				9F73B6A92124449D0095C974 /* RealmManeger.swift in Sources */,
				9F73B69F212435870095C974 /* tabBarController.swift in Sources */,
				9F73B6832123F3960095C974 /* StartViewController.swift in Sources */,
				9F73B6812123F3960095C974 /* AppDelegate.swift in Sources */,
				9F73B6A5212440FB0095C974 /* CurrentUser.swift in Sources */,
				9F73B6A1212436C60095C974 /* LearnViewController.swift in Sources */,
			);
			runOnlyForDeploymentPostprocessing = 0;
		};
/* End PBXSourcesBuildPhase section */

/* Begin PBXVariantGroup section */
		9F73B6842123F3960095C974 /* Main.storyboard */ = {
			isa = PBXVariantGroup;
			children = (
				9F73B6852123F3960095C974 /* Base */,
			);
			name = Main.storyboard;
			sourceTree = "<group>";
		};
		9F73B6892123F3A20095C974 /* LaunchScreen.storyboard */ = {
			isa = PBXVariantGroup;
			children = (
				9F73B68A2123F3A20095C974 /* Base */,
			);
			name = LaunchScreen.storyboard;
			sourceTree = "<group>";
		};
/* End PBXVariantGroup section */

/* Begin XCBuildConfiguration section */
		9F73B68D2123F3A20095C974 /* Debug */ = {
			isa = XCBuildConfiguration;
			buildSettings = {
				ALWAYS_SEARCH_USER_PATHS = NO;
				CLANG_ANALYZER_NONNULL = YES;
				CLANG_ANALYZER_NUMBER_OBJECT_CONVERSION = YES_AGGRESSIVE;
				CLANG_CXX_LANGUAGE_STANDARD = "gnu++14";
				CLANG_CXX_LIBRARY = "libc++";
				CLANG_ENABLE_MODULES = YES;
				CLANG_ENABLE_OBJC_ARC = YES;
				CLANG_ENABLE_OBJC_WEAK = YES;
				CLANG_WARN_BLOCK_CAPTURE_AUTORELEASING = YES;
				CLANG_WARN_BOOL_CONVERSION = YES;
				CLANG_WARN_COMMA = YES;
				CLANG_WARN_CONSTANT_CONVERSION = YES;
				CLANG_WARN_DEPRECATED_OBJC_IMPLEMENTATIONS = YES;
				CLANG_WARN_DIRECT_OBJC_ISA_USAGE = YES_ERROR;
				CLANG_WARN_DOCUMENTATION_COMMENTS = YES;
				CLANG_WARN_EMPTY_BODY = YES;
				CLANG_WARN_ENUM_CONVERSION = YES;
				CLANG_WARN_INFINITE_RECURSION = YES;
				CLANG_WARN_INT_CONVERSION = YES;
				CLANG_WARN_NON_LITERAL_NULL_CONVERSION = YES;
				CLANG_WARN_OBJC_IMPLICIT_RETAIN_SELF = YES;
				CLANG_WARN_OBJC_LITERAL_CONVERSION = YES;
				CLANG_WARN_OBJC_ROOT_CLASS = YES_ERROR;
				CLANG_WARN_RANGE_LOOP_ANALYSIS = YES;
				CLANG_WARN_STRICT_PROTOTYPES = YES;
				CLANG_WARN_SUSPICIOUS_MOVE = YES;
				CLANG_WARN_UNGUARDED_AVAILABILITY = YES_AGGRESSIVE;
				CLANG_WARN_UNREACHABLE_CODE = YES;
				CLANG_WARN__DUPLICATE_METHOD_MATCH = YES;
				CODE_SIGN_IDENTITY = "iPhone Developer";
				COPY_PHASE_STRIP = NO;
				DEBUG_INFORMATION_FORMAT = dwarf;
				ENABLE_STRICT_OBJC_MSGSEND = YES;
				ENABLE_TESTABILITY = YES;
				GCC_C_LANGUAGE_STANDARD = gnu11;
				GCC_DYNAMIC_NO_PIC = NO;
				GCC_NO_COMMON_BLOCKS = YES;
				GCC_OPTIMIZATION_LEVEL = 0;
				GCC_PREPROCESSOR_DEFINITIONS = (
					"DEBUG=1",
					"$(inherited)",
				);
				GCC_WARN_64_TO_32_BIT_CONVERSION = YES;
				GCC_WARN_ABOUT_RETURN_TYPE = YES_ERROR;
				GCC_WARN_UNDECLARED_SELECTOR = YES;
				GCC_WARN_UNINITIALIZED_AUTOS = YES_AGGRESSIVE;
				GCC_WARN_UNUSED_FUNCTION = YES;
				GCC_WARN_UNUSED_VARIABLE = YES;
				IPHONEOS_DEPLOYMENT_TARGET = 11.4;
				MTL_ENABLE_DEBUG_INFO = YES;
				ONLY_ACTIVE_ARCH = YES;
				SDKROOT = iphoneos;
				SWIFT_ACTIVE_COMPILATION_CONDITIONS = DEBUG;
				SWIFT_OPTIMIZATION_LEVEL = "-Onone";
			};
			name = Debug;
		};
		9F73B68E2123F3A20095C974 /* Release */ = {
			isa = XCBuildConfiguration;
			buildSettings = {
				ALWAYS_SEARCH_USER_PATHS = NO;
				CLANG_ANALYZER_NONNULL = YES;
				CLANG_ANALYZER_NUMBER_OBJECT_CONVERSION = YES_AGGRESSIVE;
				CLANG_CXX_LANGUAGE_STANDARD = "gnu++14";
				CLANG_CXX_LIBRARY = "libc++";
				CLANG_ENABLE_MODULES = YES;
				CLANG_ENABLE_OBJC_ARC = YES;
				CLANG_ENABLE_OBJC_WEAK = YES;
				CLANG_WARN_BLOCK_CAPTURE_AUTORELEASING = YES;
				CLANG_WARN_BOOL_CONVERSION = YES;
				CLANG_WARN_COMMA = YES;
				CLANG_WARN_CONSTANT_CONVERSION = YES;
				CLANG_WARN_DEPRECATED_OBJC_IMPLEMENTATIONS = YES;
				CLANG_WARN_DIRECT_OBJC_ISA_USAGE = YES_ERROR;
				CLANG_WARN_DOCUMENTATION_COMMENTS = YES;
				CLANG_WARN_EMPTY_BODY = YES;
				CLANG_WARN_ENUM_CONVERSION = YES;
				CLANG_WARN_INFINITE_RECURSION = YES;
				CLANG_WARN_INT_CONVERSION = YES;
				CLANG_WARN_NON_LITERAL_NULL_CONVERSION = YES;
				CLANG_WARN_OBJC_IMPLICIT_RETAIN_SELF = YES;
				CLANG_WARN_OBJC_LITERAL_CONVERSION = YES;
				CLANG_WARN_OBJC_ROOT_CLASS = YES_ERROR;
				CLANG_WARN_RANGE_LOOP_ANALYSIS = YES;
				CLANG_WARN_STRICT_PROTOTYPES = YES;
				CLANG_WARN_SUSPICIOUS_MOVE = YES;
				CLANG_WARN_UNGUARDED_AVAILABILITY = YES_AGGRESSIVE;
				CLANG_WARN_UNREACHABLE_CODE = YES;
				CLANG_WARN__DUPLICATE_METHOD_MATCH = YES;
				CODE_SIGN_IDENTITY = "iPhone Developer";
				COPY_PHASE_STRIP = NO;
				DEBUG_INFORMATION_FORMAT = "dwarf-with-dsym";
				ENABLE_NS_ASSERTIONS = NO;
				ENABLE_STRICT_OBJC_MSGSEND = YES;
				GCC_C_LANGUAGE_STANDARD = gnu11;
				GCC_NO_COMMON_BLOCKS = YES;
				GCC_WARN_64_TO_32_BIT_CONVERSION = YES;
				GCC_WARN_ABOUT_RETURN_TYPE = YES_ERROR;
				GCC_WARN_UNDECLARED_SELECTOR = YES;
				GCC_WARN_UNINITIALIZED_AUTOS = YES_AGGRESSIVE;
				GCC_WARN_UNUSED_FUNCTION = YES;
				GCC_WARN_UNUSED_VARIABLE = YES;
				IPHONEOS_DEPLOYMENT_TARGET = 11.4;
				MTL_ENABLE_DEBUG_INFO = NO;
				SDKROOT = iphoneos;
				SWIFT_COMPILATION_MODE = wholemodule;
				SWIFT_OPTIMIZATION_LEVEL = "-O";
				VALIDATE_PRODUCT = YES;
			};
			name = Release;
		};
		9F73B6902123F3A20095C974 /* Debug */ = {
			isa = XCBuildConfiguration;
			baseConfigurationReference = B999D030E5E417DD56EB5C31 /* Pods-Polingo.debug.xcconfig */;
			buildSettings = {
				ASSETCATALOG_COMPILER_APPICON_NAME = AppIcon;
				CODE_SIGN_STYLE = Automatic;
				DEVELOPMENT_TEAM = 7QPA36Y3JF;
				INFOPLIST_FILE = Polingo/Info.plist;
				LD_RUNPATH_SEARCH_PATHS = (
					"$(inherited)",
					"@executable_path/Frameworks",
				);
				PRODUCT_BUNDLE_IDENTIFIER = polinaguryeva.Polingo;
				PRODUCT_NAME = "$(TARGET_NAME)";
				SWIFT_VERSION = 4.0;
				TARGETED_DEVICE_FAMILY = "1,2";
			};
			name = Debug;
		};
		9F73B6912123F3A20095C974 /* Release */ = {
			isa = XCBuildConfiguration;
			baseConfigurationReference = D4F9377F43C467F4AEAF3DEF /* Pods-Polingo.release.xcconfig */;
			buildSettings = {
				ASSETCATALOG_COMPILER_APPICON_NAME = AppIcon;
				CODE_SIGN_STYLE = Automatic;
				DEVELOPMENT_TEAM = 7QPA36Y3JF;
				INFOPLIST_FILE = Polingo/Info.plist;
				LD_RUNPATH_SEARCH_PATHS = (
					"$(inherited)",
					"@executable_path/Frameworks",
				);
				PRODUCT_BUNDLE_IDENTIFIER = polinaguryeva.Polingo;
				PRODUCT_NAME = "$(TARGET_NAME)";
				SWIFT_VERSION = 4.0;
				TARGETED_DEVICE_FAMILY = "1,2";
			};
			name = Release;
		};
/* End XCBuildConfiguration section */

/* Begin XCConfigurationList section */
		9F73B6782123F3960095C974 /* Build configuration list for PBXProject "Polingo" */ = {
			isa = XCConfigurationList;
			buildConfigurations = (
				9F73B68D2123F3A20095C974 /* Debug */,
				9F73B68E2123F3A20095C974 /* Release */,
			);
			defaultConfigurationIsVisible = 0;
			defaultConfigurationName = Release;
		};
		9F73B68F2123F3A20095C974 /* Build configuration list for PBXNativeTarget "Polingo" */ = {
			isa = XCConfigurationList;
			buildConfigurations = (
				9F73B6902123F3A20095C974 /* Debug */,
				9F73B6912123F3A20095C974 /* Release */,
			);
			defaultConfigurationIsVisible = 0;
			defaultConfigurationName = Release;
		};
/* End XCConfigurationList section */
	};
	rootObject = 9F73B6752123F3960095C974 /* Project object */;
}
